
Microsoft Visual Studio Solution File, Format Version 10.00
# Visual Studio 2008
Project("{8BC9CEB8-8B4A-11D0-8D11-00A0C91BC942}") = "RawCodes", "RawCodes.vcproj", "{84C6554B-D3EB-421E-9343-EAD45A083D94}"
EndProject
Global
	GlobalSection(SolutionConfigurationPlatforms) = preSolution
		Debug|Win32 = Debug|Win32
		Release|Win32 = Release|Win32
	EndGlobalSection
	GlobalSection(ProjectConfigurationPlatforms) = postSolution
		{84C6554B-D3EB-421E-9343-EAD45A083D94}.Debug|Win32.ActiveCfg = Debug|Win32
		{84C6554B-D3EB-421E-9343-EAD45A083D94}.Debug|Win32.Build.0 = Debug|Win32
		{84C6554B-D3EB-421E-9343-EAD45A083D94}.Release|Win32.ActiveCfg = Release|Win32
		{84C6554B-D3EB-421E-9343-EAD45A083D94}.Release|Win32.Build.0 = Release|Win32
	EndGlobalSection
	GlobalSection(SolutionProperties) = preSolution
		HideSolutionNode = FALSE
	EndGlobalSection
EndGlobal
