
Microsoft Visual Studio Solution File, Format Version 10.00
# Visual Studio 2008
Project("{8BC9CEB8-8B4A-11D0-8D11-00A0C91BC942}") = "winlirc", "..\winlirc\winlirc.vcproj", "{3535C206-0C84-43CD-ADFC-2BB6DB60E380}"
EndProject
Project("{2150E333-8FDC-42A3-9474-1A3956D46DE8}") = "dlls", "dlls", "{9AEA518F-81B1-47FC-BA72-7EE9F5EDE7C1}"
EndProject
Project("{8BC9CEB8-8B4A-11D0-8D11-00A0C91BC942}") = "Geniatech", "..\DLL\Geniatech\Geniatech.vcproj", "{DBDFC2E3-1045-4E45-82FD-5F2031753F6B}"
EndProject
Project("{8BC9CEB8-8B4A-11D0-8D11-00A0C91BC942}") = "IRToy", "..\DLL\IRToy\IRToy.vcproj", "{BF937972-CF61-4202-B142-C398E6F0336C}"
EndProject
Project("{8BC9CEB8-8B4A-11D0-8D11-00A0C91BC942}") = "Technisat", "..\DLL\Technisat\Technisat.vcproj", "{68BA8E34-17E6-4FE8-B981-7E2A1E8DEA86}"
EndProject
Project("{8BC9CEB8-8B4A-11D0-8D11-00A0C91BC942}") = "TeVii-BDA", "..\DLL\TeVii\TeVii.vcproj", "{8FF00A35-42BE-4783-AFC1-053BAE47BC8E}"
EndProject
Project("{8BC9CEB8-8B4A-11D0-8D11-00A0C91BC942}") = "AudioCapture", "..\DLL\AudioCapture\AudioCapture.vcproj", "{BD82FC63-A490-47B1-840B-597EFC1415C8}"
EndProject
Project("{8BC9CEB8-8B4A-11D0-8D11-00A0C91BC942}") = "CommandIR", "..\DLL\CommandIR\CommandIR.vcproj", "{53BC046A-3020-4BB0-91EA-9FD309BB2123}"
EndProject
Project("{8BC9CEB8-8B4A-11D0-8D11-00A0C91BC942}") = "Iguana", "..\DLL\Iguana\Iguana.vcproj", "{273662D2-B105-4C8B-A603-D4ABCEA29A38}"
EndProject
Project("{8BC9CEB8-8B4A-11D0-8D11-00A0C91BC942}") = "MaxterPlus", "..\DLL\MaxterPlus\MaxterPlus.vcproj", "{9AEA2BA4-6B77-4C42-8F49-1B79DA51E842}"
EndProject
Project("{8BC9CEB8-8B4A-11D0-8D11-00A0C91BC942}") = "SerialDevice", "..\DLL\Serial\winlirc.vcproj", "{5697A499-AA83-4CB1-ACF9-D9FC6BE12F02}"
EndProject
Project("{8BC9CEB8-8B4A-11D0-8D11-00A0C91BC942}") = "Technotrend", "..\DLL\Technotrend\Technotrend.vcproj", "{CB61DA39-2959-4748-87D3-0F6037D2BC55}"
EndProject
Project("{8BC9CEB8-8B4A-11D0-8D11-00A0C91BC942}") = "Tira", "..\DLL\Tira\Tira.vcproj", "{87136993-6E20-42C7-932A-6463C22B1780}"
EndProject
Project("{8BC9CEB8-8B4A-11D0-8D11-00A0C91BC942}") = "Beholder", "..\DLL\Beholder\beholder.vcproj", "{9223DE7B-0B7F-43CD-825B-9137F695F121}"
EndProject
Project("{8BC9CEB8-8B4A-11D0-8D11-00A0C91BC942}") = "FireFly", "..\DLL\FireFly\FireFly.vcproj", "{C65DAC9C-8C7A-45EB-BE39-12CDB6621EFC}"
EndProject
Project("{8BC9CEB8-8B4A-11D0-8D11-00A0C91BC942}") = "IRMan", "..\DLL\IRMan\IRMan.vcproj", "{274DFF44-01CC-4073-9CD0-6DA24821C3A9}"
EndProject
Project("{8BC9CEB8-8B4A-11D0-8D11-00A0C91BC942}") = "Streamzap", "..\DLL\Streamzap\Streamzap.vcproj", "{93E2C256-1CCD-4399-BAE0-EDC8C171349F}"
EndProject
Project("{8BC9CEB8-8B4A-11D0-8D11-00A0C91BC942}") = "Technotrend-BDA", "..\DLL\Technotrend-BDA\Technotrend-BDA.vcproj", "{CD6F42A5-70E1-41B9-AF99-ED38E0E74E53}"
EndProject
Project("{8BC9CEB8-8B4A-11D0-8D11-00A0C91BC942}") = "UDP", "..\DLL\UDP\UDP.vcproj", "{ABEEDA2B-DCD9-424E-95AC-2991BD48B3D3}"
EndProject
Project("{8BC9CEB8-8B4A-11D0-8D11-00A0C91BC942}") = "Xbox360", "..\DLL\Xbox360\Xbox360.vcproj", "{D2D64950-3C08-49F0-9C2F-D2F75455420C}"
EndProject
Project("{2150E333-8FDC-42A3-9474-1A3956D46DE8}") = "Tools", "Tools", "{72531990-6A8E-4F09-BD2E-5E482C78CB58}"
EndProject
Project("{8BC9CEB8-8B4A-11D0-8D11-00A0C91BC942}") = "Graph", "..\Tools\Graph\Graph.vcproj", "{0BAB2C77-7D60-4586-8D6B-939452032BC5}"
EndProject
Project("{8BC9CEB8-8B4A-11D0-8D11-00A0C91BC942}") = "RawMessages", "..\Tools\RawMessages\Messages.vcproj", "{FD5ED6D3-B349-4997-A675-3A15607DC621}"
EndProject
Project("{8BC9CEB8-8B4A-11D0-8D11-00A0C91BC942}") = "Transmit", "..\Tools\Transmit\Transmit.vcproj", "{7258FC71-86D1-4692-8B2F-8571C4D3E558}"
EndProject
Project("{8BC9CEB8-8B4A-11D0-8D11-00A0C91BC942}") = "RawCodes", "..\Tools\RawCodes\RawCodes.vcproj", "{84C6554B-D3EB-421E-9343-EAD45A083D94}"
EndProject
Project("{8BC9CEB8-8B4A-11D0-8D11-00A0C91BC942}") = "IRRecord", "..\IRRecord\IRRecord.vcproj", "{45281D4C-902D-42F2-BA11-B6F390D10ADC}"
EndProject
Project("{2150E333-8FDC-42A3-9474-1A3956D46DE8}") = "Plugins", "Plugins", "{FDEA8BD2-9B43-477E-BE54-29A48017970F}"
EndProject
Project("{8BC9CEB8-8B4A-11D0-8D11-00A0C91BC942}") = "MCE", "..\DLL\MCE\MCEVista.vcproj", "{39B99323-7031-4FA1-AE2A-29D8155DC966}"
EndProject
Project("{8BC9CEB8-8B4A-11D0-8D11-00A0C91BC942}") = "MCE-XP", "..\DLL\MCE-XP\MCEXP.vcproj", "{8D39188B-5C83-4556-B176-BDEF3E0C4D3E}"
EndProject
Project("{8BC9CEB8-8B4A-11D0-8D11-00A0C91BC942}") = "gen_ir", "..\gen_ir\gen_ir.vcproj", "{7E62A0FD-7D0C-4BE0-A87E-D9907F77F8DE}"
EndProject
Project("{8BC9CEB8-8B4A-11D0-8D11-00A0C91BC942}") = "Hauppauge", "..\DLL\hauppauge\Hauppauge.vcproj", "{7A6C2ECC-6006-4AAD-A56C-A11E98948DAF}"
EndProject
Project("{8BC9CEB8-8B4A-11D0-8D11-00A0C91BC942}") = "TbsQbox", "..\DLL\TbsQBOX\TbsQbox.vcproj", "{761ECC05-0770-40FC-9D0F-32913E109DFA}"
EndProject
Project("{8BC9CEB8-8B4A-11D0-8D11-00A0C91BC942}") = "TbsNxp", "..\DLL\TbsNxp\TbsNxp.vcproj", "{0D403482-77CC-405A-84FF-15E62FBFB5AF}"
EndProject
Project("{8BC9CEB8-8B4A-11D0-8D11-00A0C91BC942}") = "TbsCxt", "..\DLL\TbsCxt\TbsCxt.vcproj", "{C21787C0-EBD0-4331-A92D-99DD3A26AADC}"
EndProject
Project("{8BC9CEB8-8B4A-11D0-8D11-00A0C91BC942}") = "Cyberlink", "..\DLL\Cyberlink\Cyberlink.vcproj", "{5627010B-BE36-4E29-98DE-ACCD1A5E2AC7}"
EndProject
Project("{8BC9CEB8-8B4A-11D0-8D11-00A0C91BC942}") = "Irdroid", "..\DLL\Irdroid\Irdroid.vcproj", "{8F657EA3-34CC-489D-8B89-A006E3E3F7DD}"
EndProject
Global
	GlobalSection(SolutionConfigurationPlatforms) = preSolution
		64bit Release|Win32 = 64bit Release|Win32
		64bit Release|x64 = 64bit Release|x64
		Debug|Win32 = Debug|Win32
		Debug|x64 = Debug|x64
		Release|Win32 = Release|Win32
		Release|x64 = Release|x64
	EndGlobalSection
	GlobalSection(ProjectConfigurationPlatforms) = postSolution
		{3535C206-0C84-43CD-ADFC-2BB6DB60E380}.64bit Release|Win32.ActiveCfg = Release|Win32
		{3535C206-0C84-43CD-ADFC-2BB6DB60E380}.64bit Release|Win32.Build.0 = Release|Win32
		{3535C206-0C84-43CD-ADFC-2BB6DB60E380}.64bit Release|x64.ActiveCfg = Release|x64
		{3535C206-0C84-43CD-ADFC-2BB6DB60E380}.64bit Release|x64.Build.0 = Release|x64
		{3535C206-0C84-43CD-ADFC-2BB6DB60E380}.Debug|Win32.ActiveCfg = Debug|Win32
		{3535C206-0C84-43CD-ADFC-2BB6DB60E380}.Debug|Win32.Build.0 = Debug|Win32
		{3535C206-0C84-43CD-ADFC-2BB6DB60E380}.Debug|x64.ActiveCfg = Debug|x64
		{3535C206-0C84-43CD-ADFC-2BB6DB60E380}.Debug|x64.Build.0 = Debug|x64
		{3535C206-0C84-43CD-ADFC-2BB6DB60E380}.Release|Win32.ActiveCfg = Release|Win32
		{3535C206-0C84-43CD-ADFC-2BB6DB60E380}.Release|Win32.Build.0 = Release|Win32
		{3535C206-0C84-43CD-ADFC-2BB6DB60E380}.Release|x64.ActiveCfg = Release|x64
		{3535C206-0C84-43CD-ADFC-2BB6DB60E380}.Release|x64.Build.0 = Release|x64
		{DBDFC2E3-1045-4E45-82FD-5F2031753F6B}.64bit Release|Win32.ActiveCfg = Release|Win32
		{DBDFC2E3-1045-4E45-82FD-5F2031753F6B}.64bit Release|Win32.Build.0 = Release|Win32
		{DBDFC2E3-1045-4E45-82FD-5F2031753F6B}.64bit Release|x64.ActiveCfg = Release|Win32
		{DBDFC2E3-1045-4E45-82FD-5F2031753F6B}.Debug|Win32.ActiveCfg = Debug|Win32
		{DBDFC2E3-1045-4E45-82FD-5F2031753F6B}.Debug|Win32.Build.0 = Debug|Win32
		{DBDFC2E3-1045-4E45-82FD-5F2031753F6B}.Debug|x64.ActiveCfg = Debug|Win32
		{DBDFC2E3-1045-4E45-82FD-5F2031753F6B}.Release|Win32.ActiveCfg = Release|Win32
		{DBDFC2E3-1045-4E45-82FD-5F2031753F6B}.Release|Win32.Build.0 = Release|Win32
		{DBDFC2E3-1045-4E45-82FD-5F2031753F6B}.Release|x64.ActiveCfg = Release|Win32
		{BF937972-CF61-4202-B142-C398E6F0336C}.64bit Release|Win32.ActiveCfg = Release|Win32
		{BF937972-CF61-4202-B142-C398E6F0336C}.64bit Release|Win32.Build.0 = Release|Win32
		{BF937972-CF61-4202-B142-C398E6F0336C}.64bit Release|x64.ActiveCfg = Release|Win32
		{BF937972-CF61-4202-B142-C398E6F0336C}.Debug|Win32.ActiveCfg = Debug|Win32
		{BF937972-CF61-4202-B142-C398E6F0336C}.Debug|Win32.Build.0 = Debug|Win32
		{BF937972-CF61-4202-B142-C398E6F0336C}.Debug|x64.ActiveCfg = Debug|Win32
		{BF937972-CF61-4202-B142-C398E6F0336C}.Release|Win32.ActiveCfg = Release|Win32
		{BF937972-CF61-4202-B142-C398E6F0336C}.Release|Win32.Build.0 = Release|Win32
		{BF937972-CF61-4202-B142-C398E6F0336C}.Release|x64.ActiveCfg = Release|x64
		{68BA8E34-17E6-4FE8-B981-7E2A1E8DEA86}.64bit Release|Win32.ActiveCfg = Release|Win32
		{68BA8E34-17E6-4FE8-B981-7E2A1E8DEA86}.64bit Release|Win32.Build.0 = Release|Win32
		{68BA8E34-17E6-4FE8-B981-7E2A1E8DEA86}.64bit Release|x64.ActiveCfg = Release|Win32
		{68BA8E34-17E6-4FE8-B981-7E2A1E8DEA86}.Debug|Win32.ActiveCfg = Debug|Win32
		{68BA8E34-17E6-4FE8-B981-7E2A1E8DEA86}.Debug|Win32.Build.0 = Debug|Win32
		{68BA8E34-17E6-4FE8-B981-7E2A1E8DEA86}.Debug|x64.ActiveCfg = Debug|Win32
		{68BA8E34-17E6-4FE8-B981-7E2A1E8DEA86}.Release|Win32.ActiveCfg = Release|Win32
		{68BA8E34-17E6-4FE8-B981-7E2A1E8DEA86}.Release|Win32.Build.0 = Release|Win32
		{68BA8E34-17E6-4FE8-B981-7E2A1E8DEA86}.Release|x64.ActiveCfg = Release|x64
		{8FF00A35-42BE-4783-AFC1-053BAE47BC8E}.64bit Release|Win32.ActiveCfg = Release|Win32
		{8FF00A35-42BE-4783-AFC1-053BAE47BC8E}.64bit Release|Win32.Build.0 = Release|Win32
		{8FF00A35-42BE-4783-AFC1-053BAE47BC8E}.64bit Release|x64.ActiveCfg = Release|Win32
		{8FF00A35-42BE-4783-AFC1-053BAE47BC8E}.Debug|Win32.ActiveCfg = Debug|Win32
		{8FF00A35-42BE-4783-AFC1-053BAE47BC8E}.Debug|Win32.Build.0 = Debug|Win32
		{8FF00A35-42BE-4783-AFC1-053BAE47BC8E}.Debug|x64.ActiveCfg = Debug|Win32
		{8FF00A35-42BE-4783-AFC1-053BAE47BC8E}.Release|Win32.ActiveCfg = Release|Win32
		{8FF00A35-42BE-4783-AFC1-053BAE47BC8E}.Release|Win32.Build.0 = Release|Win32
		{8FF00A35-42BE-4783-AFC1-053BAE47BC8E}.Release|x64.ActiveCfg = Release|Win32
		{BD82FC63-A490-47B1-840B-597EFC1415C8}.64bit Release|Win32.ActiveCfg = Release|Win32
		{BD82FC63-A490-47B1-840B-597EFC1415C8}.64bit Release|Win32.Build.0 = Release|Win32
		{BD82FC63-A490-47B1-840B-597EFC1415C8}.64bit Release|x64.ActiveCfg = Release|Win32
		{BD82FC63-A490-47B1-840B-597EFC1415C8}.Debug|Win32.ActiveCfg = Debug|Win32
		{BD82FC63-A490-47B1-840B-597EFC1415C8}.Debug|Win32.Build.0 = Debug|Win32
		{BD82FC63-A490-47B1-840B-597EFC1415C8}.Debug|x64.ActiveCfg = Debug|Win32
		{BD82FC63-A490-47B1-840B-597EFC1415C8}.Release|Win32.ActiveCfg = Release|Win32
		{BD82FC63-A490-47B1-840B-597EFC1415C8}.Release|Win32.Build.0 = Release|Win32
		{BD82FC63-A490-47B1-840B-597EFC1415C8}.Release|x64.ActiveCfg = Release|x64
		{53BC046A-3020-4BB0-91EA-9FD309BB2123}.64bit Release|Win32.ActiveCfg = Release|Win32
		{53BC046A-3020-4BB0-91EA-9FD309BB2123}.64bit Release|Win32.Build.0 = Release|Win32
		{53BC046A-3020-4BB0-91EA-9FD309BB2123}.64bit Release|x64.ActiveCfg = Release|Win32
		{53BC046A-3020-4BB0-91EA-9FD309BB2123}.Debug|Win32.ActiveCfg = Debug|Win32
		{53BC046A-3020-4BB0-91EA-9FD309BB2123}.Debug|Win32.Build.0 = Debug|Win32
		{53BC046A-3020-4BB0-91EA-9FD309BB2123}.Debug|x64.ActiveCfg = Debug|Win32
		{53BC046A-3020-4BB0-91EA-9FD309BB2123}.Release|Win32.ActiveCfg = Release|Win32
		{53BC046A-3020-4BB0-91EA-9FD309BB2123}.Release|Win32.Build.0 = Release|Win32
		{53BC046A-3020-4BB0-91EA-9FD309BB2123}.Release|x64.ActiveCfg = Release|Win32
		{273662D2-B105-4C8B-A603-D4ABCEA29A38}.64bit Release|Win32.ActiveCfg = Release|Win32
		{273662D2-B105-4C8B-A603-D4ABCEA29A38}.64bit Release|Win32.Build.0 = Release|Win32
		{273662D2-B105-4C8B-A603-D4ABCEA29A38}.64bit Release|x64.ActiveCfg = Release|Win32
		{273662D2-B105-4C8B-A603-D4ABCEA29A38}.Debug|Win32.ActiveCfg = Debug|Win32
		{273662D2-B105-4C8B-A603-D4ABCEA29A38}.Debug|Win32.Build.0 = Debug|Win32
		{273662D2-B105-4C8B-A603-D4ABCEA29A38}.Debug|x64.ActiveCfg = Debug|Win32
		{273662D2-B105-4C8B-A603-D4ABCEA29A38}.Release|Win32.ActiveCfg = Release|Win32
		{273662D2-B105-4C8B-A603-D4ABCEA29A38}.Release|Win32.Build.0 = Release|Win32
		{273662D2-B105-4C8B-A603-D4ABCEA29A38}.Release|x64.ActiveCfg = Release|Win32
		{9AEA2BA4-6B77-4C42-8F49-1B79DA51E842}.64bit Release|Win32.ActiveCfg = Release|Win32
		{9AEA2BA4-6B77-4C42-8F49-1B79DA51E842}.64bit Release|Win32.Build.0 = Release|Win32
		{9AEA2BA4-6B77-4C42-8F49-1B79DA51E842}.64bit Release|x64.ActiveCfg = Release|Win32
		{9AEA2BA4-6B77-4C42-8F49-1B79DA51E842}.Debug|Win32.ActiveCfg = Debug|Win32
		{9AEA2BA4-6B77-4C42-8F49-1B79DA51E842}.Debug|Win32.Build.0 = Debug|Win32
		{9AEA2BA4-6B77-4C42-8F49-1B79DA51E842}.Debug|x64.ActiveCfg = Debug|Win32
		{9AEA2BA4-6B77-4C42-8F49-1B79DA51E842}.Release|Win32.ActiveCfg = Release|Win32
		{9AEA2BA4-6B77-4C42-8F49-1B79DA51E842}.Release|Win32.Build.0 = Release|Win32
		{9AEA2BA4-6B77-4C42-8F49-1B79DA51E842}.Release|x64.ActiveCfg = Release|x64
		{5697A499-AA83-4CB1-ACF9-D9FC6BE12F02}.64bit Release|Win32.ActiveCfg = Release|Win32
		{5697A499-AA83-4CB1-ACF9-D9FC6BE12F02}.64bit Release|Win32.Build.0 = Release|Win32
		{5697A499-AA83-4CB1-ACF9-D9FC6BE12F02}.64bit Release|x64.ActiveCfg = Release|Win32
		{5697A499-AA83-4CB1-ACF9-D9FC6BE12F02}.Debug|Win32.ActiveCfg = Debug|Win32
		{5697A499-AA83-4CB1-ACF9-D9FC6BE12F02}.Debug|Win32.Build.0 = Debug|Win32
		{5697A499-AA83-4CB1-ACF9-D9FC6BE12F02}.Debug|x64.ActiveCfg = Debug|Win32
		{5697A499-AA83-4CB1-ACF9-D9FC6BE12F02}.Release|Win32.ActiveCfg = Release|Win32
		{5697A499-AA83-4CB1-ACF9-D9FC6BE12F02}.Release|Win32.Build.0 = Release|Win32
		{5697A499-AA83-4CB1-ACF9-D9FC6BE12F02}.Release|x64.ActiveCfg = Release|x64
		{CB61DA39-2959-4748-87D3-0F6037D2BC55}.64bit Release|Win32.ActiveCfg = Release|Win32
		{CB61DA39-2959-4748-87D3-0F6037D2BC55}.64bit Release|Win32.Build.0 = Release|Win32
		{CB61DA39-2959-4748-87D3-0F6037D2BC55}.64bit Release|x64.ActiveCfg = Release|Win32
		{CB61DA39-2959-4748-87D3-0F6037D2BC55}.Debug|Win32.ActiveCfg = Debug|Win32
		{CB61DA39-2959-4748-87D3-0F6037D2BC55}.Debug|Win32.Build.0 = Debug|Win32
		{CB61DA39-2959-4748-87D3-0F6037D2BC55}.Debug|x64.ActiveCfg = Debug|Win32
		{CB61DA39-2959-4748-87D3-0F6037D2BC55}.Release|Win32.ActiveCfg = Release|Win32
		{CB61DA39-2959-4748-87D3-0F6037D2BC55}.Release|Win32.Build.0 = Release|Win32
		{CB61DA39-2959-4748-87D3-0F6037D2BC55}.Release|x64.ActiveCfg = Release|Win32
		{87136993-6E20-42C7-932A-6463C22B1780}.64bit Release|Win32.ActiveCfg = Release|Win32
		{87136993-6E20-42C7-932A-6463C22B1780}.64bit Release|Win32.Build.0 = Release|Win32
		{87136993-6E20-42C7-932A-6463C22B1780}.64bit Release|x64.ActiveCfg = Release|Win32
		{87136993-6E20-42C7-932A-6463C22B1780}.Debug|Win32.ActiveCfg = Debug|Win32
		{87136993-6E20-42C7-932A-6463C22B1780}.Debug|Win32.Build.0 = Debug|Win32
		{87136993-6E20-42C7-932A-6463C22B1780}.Debug|x64.ActiveCfg = Debug|Win32
		{87136993-6E20-42C7-932A-6463C22B1780}.Release|Win32.ActiveCfg = Release|Win32
		{87136993-6E20-42C7-932A-6463C22B1780}.Release|Win32.Build.0 = Release|Win32
		{87136993-6E20-42C7-932A-6463C22B1780}.Release|x64.ActiveCfg = Release|Win32
		{9223DE7B-0B7F-43CD-825B-9137F695F121}.64bit Release|Win32.ActiveCfg = Release|Win32
		{9223DE7B-0B7F-43CD-825B-9137F695F121}.64bit Release|Win32.Build.0 = Release|Win32
		{9223DE7B-0B7F-43CD-825B-9137F695F121}.64bit Release|x64.ActiveCfg = Release|Win32
		{9223DE7B-0B7F-43CD-825B-9137F695F121}.Debug|Win32.ActiveCfg = Debug|Win32
		{9223DE7B-0B7F-43CD-825B-9137F695F121}.Debug|Win32.Build.0 = Debug|Win32
		{9223DE7B-0B7F-43CD-825B-9137F695F121}.Debug|x64.ActiveCfg = Debug|Win32
		{9223DE7B-0B7F-43CD-825B-9137F695F121}.Release|Win32.ActiveCfg = Release|Win32
		{9223DE7B-0B7F-43CD-825B-9137F695F121}.Release|Win32.Build.0 = Release|Win32
		{9223DE7B-0B7F-43CD-825B-9137F695F121}.Release|x64.ActiveCfg = Release|Win32
		{C65DAC9C-8C7A-45EB-BE39-12CDB6621EFC}.64bit Release|Win32.ActiveCfg = Release|Win32
		{C65DAC9C-8C7A-45EB-BE39-12CDB6621EFC}.64bit Release|Win32.Build.0 = Release|Win32
		{C65DAC9C-8C7A-45EB-BE39-12CDB6621EFC}.64bit Release|x64.ActiveCfg = Release|Win32
		{C65DAC9C-8C7A-45EB-BE39-12CDB6621EFC}.Debug|Win32.ActiveCfg = Debug|Win32
		{C65DAC9C-8C7A-45EB-BE39-12CDB6621EFC}.Debug|Win32.Build.0 = Debug|Win32
		{C65DAC9C-8C7A-45EB-BE39-12CDB6621EFC}.Debug|x64.ActiveCfg = Debug|Win32
		{C65DAC9C-8C7A-45EB-BE39-12CDB6621EFC}.Release|Win32.ActiveCfg = Release|Win32
		{C65DAC9C-8C7A-45EB-BE39-12CDB6621EFC}.Release|Win32.Build.0 = Release|Win32
		{C65DAC9C-8C7A-45EB-BE39-12CDB6621EFC}.Release|x64.ActiveCfg = Release|x64
		{274DFF44-01CC-4073-9CD0-6DA24821C3A9}.64bit Release|Win32.ActiveCfg = Release|Win32
		{274DFF44-01CC-4073-9CD0-6DA24821C3A9}.64bit Release|Win32.Build.0 = Release|Win32
		{274DFF44-01CC-4073-9CD0-6DA24821C3A9}.64bit Release|x64.ActiveCfg = Release|Win32
		{274DFF44-01CC-4073-9CD0-6DA24821C3A9}.Debug|Win32.ActiveCfg = Debug|Win32
		{274DFF44-01CC-4073-9CD0-6DA24821C3A9}.Debug|Win32.Build.0 = Debug|Win32
		{274DFF44-01CC-4073-9CD0-6DA24821C3A9}.Debug|x64.ActiveCfg = Debug|Win32
		{274DFF44-01CC-4073-9CD0-6DA24821C3A9}.Release|Win32.ActiveCfg = Release|Win32
		{274DFF44-01CC-4073-9CD0-6DA24821C3A9}.Release|Win32.Build.0 = Release|Win32
		{274DFF44-01CC-4073-9CD0-6DA24821C3A9}.Release|x64.ActiveCfg = Release|x64
		{93E2C256-1CCD-4399-BAE0-EDC8C171349F}.64bit Release|Win32.ActiveCfg = Release|Win32
		{93E2C256-1CCD-4399-BAE0-EDC8C171349F}.64bit Release|Win32.Build.0 = Release|Win32
		{93E2C256-1CCD-4399-BAE0-EDC8C171349F}.64bit Release|x64.ActiveCfg = Release|Win32
		{93E2C256-1CCD-4399-BAE0-EDC8C171349F}.Debug|Win32.ActiveCfg = Debug|Win32
		{93E2C256-1CCD-4399-BAE0-EDC8C171349F}.Debug|Win32.Build.0 = Debug|Win32
		{93E2C256-1CCD-4399-BAE0-EDC8C171349F}.Debug|x64.ActiveCfg = Debug|Win32
		{93E2C256-1CCD-4399-BAE0-EDC8C171349F}.Release|Win32.ActiveCfg = Release|Win32
		{93E2C256-1CCD-4399-BAE0-EDC8C171349F}.Release|Win32.Build.0 = Release|Win32
		{93E2C256-1CCD-4399-BAE0-EDC8C171349F}.Release|x64.ActiveCfg = Release|x64
		{CD6F42A5-70E1-41B9-AF99-ED38E0E74E53}.64bit Release|Win32.ActiveCfg = Release|Win32
		{CD6F42A5-70E1-41B9-AF99-ED38E0E74E53}.64bit Release|Win32.Build.0 = Release|Win32
		{CD6F42A5-70E1-41B9-AF99-ED38E0E74E53}.64bit Release|x64.ActiveCfg = Release|Win32
		{CD6F42A5-70E1-41B9-AF99-ED38E0E74E53}.Debug|Win32.ActiveCfg = Debug|Win32
		{CD6F42A5-70E1-41B9-AF99-ED38E0E74E53}.Debug|Win32.Build.0 = Debug|Win32
		{CD6F42A5-70E1-41B9-AF99-ED38E0E74E53}.Debug|x64.ActiveCfg = Debug|Win32
		{CD6F42A5-70E1-41B9-AF99-ED38E0E74E53}.Release|Win32.ActiveCfg = Release|Win32
		{CD6F42A5-70E1-41B9-AF99-ED38E0E74E53}.Release|Win32.Build.0 = Release|Win32
		{CD6F42A5-70E1-41B9-AF99-ED38E0E74E53}.Release|x64.ActiveCfg = Release|Win32
		{ABEEDA2B-DCD9-424E-95AC-2991BD48B3D3}.64bit Release|Win32.ActiveCfg = Release|Win32
		{ABEEDA2B-DCD9-424E-95AC-2991BD48B3D3}.64bit Release|Win32.Build.0 = Release|Win32
		{ABEEDA2B-DCD9-424E-95AC-2991BD48B3D3}.64bit Release|x64.ActiveCfg = Release|Win32
		{ABEEDA2B-DCD9-424E-95AC-2991BD48B3D3}.Debug|Win32.ActiveCfg = Debug|Win32
		{ABEEDA2B-DCD9-424E-95AC-2991BD48B3D3}.Debug|Win32.Build.0 = Debug|Win32
		{ABEEDA2B-DCD9-424E-95AC-2991BD48B3D3}.Debug|x64.ActiveCfg = Debug|Win32
		{ABEEDA2B-DCD9-424E-95AC-2991BD48B3D3}.Release|Win32.ActiveCfg = Release|Win32
		{ABEEDA2B-DCD9-424E-95AC-2991BD48B3D3}.Release|Win32.Build.0 = Release|Win32
		{ABEEDA2B-DCD9-424E-95AC-2991BD48B3D3}.Release|x64.ActiveCfg = Release|x64
		{D2D64950-3C08-49F0-9C2F-D2F75455420C}.64bit Release|Win32.ActiveCfg = Release|Win32
		{D2D64950-3C08-49F0-9C2F-D2F75455420C}.64bit Release|Win32.Build.0 = Release|Win32
		{D2D64950-3C08-49F0-9C2F-D2F75455420C}.64bit Release|x64.ActiveCfg = Release|Win32
		{D2D64950-3C08-49F0-9C2F-D2F75455420C}.Debug|Win32.ActiveCfg = Debug|Win32
		{D2D64950-3C08-49F0-9C2F-D2F75455420C}.Debug|Win32.Build.0 = Debug|Win32
		{D2D64950-3C08-49F0-9C2F-D2F75455420C}.Debug|x64.ActiveCfg = Debug|Win32
		{D2D64950-3C08-49F0-9C2F-D2F75455420C}.Release|Win32.ActiveCfg = Release|Win32
		{D2D64950-3C08-49F0-9C2F-D2F75455420C}.Release|Win32.Build.0 = Release|Win32
		{D2D64950-3C08-49F0-9C2F-D2F75455420C}.Release|x64.ActiveCfg = Release|x64
		{0BAB2C77-7D60-4586-8D6B-939452032BC5}.64bit Release|Win32.ActiveCfg = Release|Win32
		{0BAB2C77-7D60-4586-8D6B-939452032BC5}.64bit Release|Win32.Build.0 = Release|Win32
		{0BAB2C77-7D60-4586-8D6B-939452032BC5}.64bit Release|x64.ActiveCfg = Release|Win32
		{0BAB2C77-7D60-4586-8D6B-939452032BC5}.Debug|Win32.ActiveCfg = Debug|Win32
		{0BAB2C77-7D60-4586-8D6B-939452032BC5}.Debug|Win32.Build.0 = Debug|Win32
		{0BAB2C77-7D60-4586-8D6B-939452032BC5}.Debug|x64.ActiveCfg = Debug|Win32
		{0BAB2C77-7D60-4586-8D6B-939452032BC5}.Release|Win32.ActiveCfg = Release|Win32
		{0BAB2C77-7D60-4586-8D6B-939452032BC5}.Release|Win32.Build.0 = Release|Win32
		{0BAB2C77-7D60-4586-8D6B-939452032BC5}.Release|x64.ActiveCfg = Release|x64
		{FD5ED6D3-B349-4997-A675-3A15607DC621}.64bit Release|Win32.ActiveCfg = Release|Win32
		{FD5ED6D3-B349-4997-A675-3A15607DC621}.64bit Release|Win32.Build.0 = Release|Win32
		{FD5ED6D3-B349-4997-A675-3A15607DC621}.64bit Release|x64.ActiveCfg = Release|Win32
		{FD5ED6D3-B349-4997-A675-3A15607DC621}.Debug|Win32.ActiveCfg = Debug|Win32
		{FD5ED6D3-B349-4997-A675-3A15607DC621}.Debug|Win32.Build.0 = Debug|Win32
		{FD5ED6D3-B349-4997-A675-3A15607DC621}.Debug|x64.ActiveCfg = Debug|Win32
		{FD5ED6D3-B349-4997-A675-3A15607DC621}.Release|Win32.ActiveCfg = Release|Win32
		{FD5ED6D3-B349-4997-A675-3A15607DC621}.Release|Win32.Build.0 = Release|Win32
		{FD5ED6D3-B349-4997-A675-3A15607DC621}.Release|x64.ActiveCfg = Release|x64
		{7258FC71-86D1-4692-8B2F-8571C4D3E558}.64bit Release|Win32.ActiveCfg = Release|Win32
		{7258FC71-86D1-4692-8B2F-8571C4D3E558}.64bit Release|Win32.Build.0 = Release|Win32
		{7258FC71-86D1-4692-8B2F-8571C4D3E558}.64bit Release|x64.ActiveCfg = Release|Win32
		{7258FC71-86D1-4692-8B2F-8571C4D3E558}.Debug|Win32.ActiveCfg = Debug|Win32
		{7258FC71-86D1-4692-8B2F-8571C4D3E558}.Debug|Win32.Build.0 = Debug|Win32
		{7258FC71-86D1-4692-8B2F-8571C4D3E558}.Debug|x64.ActiveCfg = Debug|Win32
		{7258FC71-86D1-4692-8B2F-8571C4D3E558}.Release|Win32.ActiveCfg = Release|Win32
		{7258FC71-86D1-4692-8B2F-8571C4D3E558}.Release|Win32.Build.0 = Release|Win32
		{7258FC71-86D1-4692-8B2F-8571C4D3E558}.Release|x64.ActiveCfg = Release|x64
		{84C6554B-D3EB-421E-9343-EAD45A083D94}.64bit Release|Win32.ActiveCfg = Release|Win32
		{84C6554B-D3EB-421E-9343-EAD45A083D94}.64bit Release|Win32.Build.0 = Release|Win32
		{84C6554B-D3EB-421E-9343-EAD45A083D94}.64bit Release|x64.ActiveCfg = Release|Win32
		{84C6554B-D3EB-421E-9343-EAD45A083D94}.Debug|Win32.ActiveCfg = Debug|Win32
		{84C6554B-D3EB-421E-9343-EAD45A083D94}.Debug|Win32.Build.0 = Debug|Win32
		{84C6554B-D3EB-421E-9343-EAD45A083D94}.Debug|x64.ActiveCfg = Debug|Win32
		{84C6554B-D3EB-421E-9343-EAD45A083D94}.Release|Win32.ActiveCfg = Release|Win32
		{84C6554B-D3EB-421E-9343-EAD45A083D94}.Release|Win32.Build.0 = Release|Win32
		{84C6554B-D3EB-421E-9343-EAD45A083D94}.Release|x64.ActiveCfg = Release|x64
		{45281D4C-902D-42F2-BA11-B6F390D10ADC}.64bit Release|Win32.ActiveCfg = Release|Win32
		{45281D4C-902D-42F2-BA11-B6F390D10ADC}.64bit Release|Win32.Build.0 = Release|Win32
		{45281D4C-902D-42F2-BA11-B6F390D10ADC}.64bit Release|x64.ActiveCfg = Release|Win32
		{45281D4C-902D-42F2-BA11-B6F390D10ADC}.Debug|Win32.ActiveCfg = Debug|Win32
		{45281D4C-902D-42F2-BA11-B6F390D10ADC}.Debug|Win32.Build.0 = Debug|Win32
		{45281D4C-902D-42F2-BA11-B6F390D10ADC}.Debug|x64.ActiveCfg = Debug|Win32
		{45281D4C-902D-42F2-BA11-B6F390D10ADC}.Release|Win32.ActiveCfg = Release|Win32
		{45281D4C-902D-42F2-BA11-B6F390D10ADC}.Release|Win32.Build.0 = Release|Win32
		{45281D4C-902D-42F2-BA11-B6F390D10ADC}.Release|x64.ActiveCfg = Release|Win32
		{39B99323-7031-4FA1-AE2A-29D8155DC966}.64bit Release|Win32.ActiveCfg = 64bit Release|Win32
		{39B99323-7031-4FA1-AE2A-29D8155DC966}.64bit Release|Win32.Build.0 = 64bit Release|Win32
		{39B99323-7031-4FA1-AE2A-29D8155DC966}.64bit Release|x64.ActiveCfg = 64bit Release|Win32
		{39B99323-7031-4FA1-AE2A-29D8155DC966}.Debug|Win32.ActiveCfg = Debug|Win32
		{39B99323-7031-4FA1-AE2A-29D8155DC966}.Debug|Win32.Build.0 = Debug|Win32
		{39B99323-7031-4FA1-AE2A-29D8155DC966}.Debug|x64.ActiveCfg = Debug|Win32
		{39B99323-7031-4FA1-AE2A-29D8155DC966}.Release|Win32.ActiveCfg = Release|Win32
		{39B99323-7031-4FA1-AE2A-29D8155DC966}.Release|Win32.Build.0 = Release|Win32
		{39B99323-7031-4FA1-AE2A-29D8155DC966}.Release|x64.ActiveCfg = Release|Win32
		{8D39188B-5C83-4556-B176-BDEF3E0C4D3E}.64bit Release|Win32.ActiveCfg = Release|Win32
		{8D39188B-5C83-4556-B176-BDEF3E0C4D3E}.64bit Release|Win32.Build.0 = Release|Win32
		{8D39188B-5C83-4556-B176-BDEF3E0C4D3E}.64bit Release|x64.ActiveCfg = Release|Win32
		{8D39188B-5C83-4556-B176-BDEF3E0C4D3E}.Debug|Win32.ActiveCfg = Debug|Win32
		{8D39188B-5C83-4556-B176-BDEF3E0C4D3E}.Debug|Win32.Build.0 = Debug|Win32
		{8D39188B-5C83-4556-B176-BDEF3E0C4D3E}.Debug|x64.ActiveCfg = Debug|Win32
		{8D39188B-5C83-4556-B176-BDEF3E0C4D3E}.Release|Win32.ActiveCfg = Release|Win32
		{8D39188B-5C83-4556-B176-BDEF3E0C4D3E}.Release|Win32.Build.0 = Release|Win32
		{8D39188B-5C83-4556-B176-BDEF3E0C4D3E}.Release|x64.ActiveCfg = Release|Win32
		{7E62A0FD-7D0C-4BE0-A87E-D9907F77F8DE}.64bit Release|Win32.ActiveCfg = Release|Win32
		{7E62A0FD-7D0C-4BE0-A87E-D9907F77F8DE}.64bit Release|Win32.Build.0 = Release|Win32
		{7E62A0FD-7D0C-4BE0-A87E-D9907F77F8DE}.64bit Release|x64.ActiveCfg = Release|Win32
		{7E62A0FD-7D0C-4BE0-A87E-D9907F77F8DE}.Debug|Win32.ActiveCfg = Debug|Win32
		{7E62A0FD-7D0C-4BE0-A87E-D9907F77F8DE}.Debug|Win32.Build.0 = Debug|Win32
		{7E62A0FD-7D0C-4BE0-A87E-D9907F77F8DE}.Debug|x64.ActiveCfg = Debug|Win32
		{7E62A0FD-7D0C-4BE0-A87E-D9907F77F8DE}.Release|Win32.ActiveCfg = Release|Win32
		{7E62A0FD-7D0C-4BE0-A87E-D9907F77F8DE}.Release|Win32.Build.0 = Release|Win32
		{7E62A0FD-7D0C-4BE0-A87E-D9907F77F8DE}.Release|x64.ActiveCfg = Release|Win32
		{7A6C2ECC-6006-4AAD-A56C-A11E98948DAF}.64bit Release|Win32.ActiveCfg = Release|Win32
		{7A6C2ECC-6006-4AAD-A56C-A11E98948DAF}.64bit Release|Win32.Build.0 = Release|Win32
		{7A6C2ECC-6006-4AAD-A56C-A11E98948DAF}.64bit Release|x64.ActiveCfg = Release|Win32
		{7A6C2ECC-6006-4AAD-A56C-A11E98948DAF}.Debug|Win32.ActiveCfg = Debug|Win32
		{7A6C2ECC-6006-4AAD-A56C-A11E98948DAF}.Debug|Win32.Build.0 = Debug|Win32
		{7A6C2ECC-6006-4AAD-A56C-A11E98948DAF}.Debug|x64.ActiveCfg = Debug|Win32
		{7A6C2ECC-6006-4AAD-A56C-A11E98948DAF}.Release|Win32.ActiveCfg = Release|Win32
		{7A6C2ECC-6006-4AAD-A56C-A11E98948DAF}.Release|Win32.Build.0 = Release|Win32
		{7A6C2ECC-6006-4AAD-A56C-A11E98948DAF}.Release|x64.ActiveCfg = Release|Win32
		{761ECC05-0770-40FC-9D0F-32913E109DFA}.64bit Release|Win32.ActiveCfg = Release|Win32
		{761ECC05-0770-40FC-9D0F-32913E109DFA}.64bit Release|Win32.Build.0 = Release|Win32
		{761ECC05-0770-40FC-9D0F-32913E109DFA}.64bit Release|x64.ActiveCfg = Release|Win32
		{761ECC05-0770-40FC-9D0F-32913E109DFA}.Debug|Win32.ActiveCfg = Debug|Win32
		{761ECC05-0770-40FC-9D0F-32913E109DFA}.Debug|Win32.Build.0 = Debug|Win32
		{761ECC05-0770-40FC-9D0F-32913E109DFA}.Debug|x64.ActiveCfg = Debug|Win32
		{761ECC05-0770-40FC-9D0F-32913E109DFA}.Release|Win32.ActiveCfg = Release|Win32
		{761ECC05-0770-40FC-9D0F-32913E109DFA}.Release|Win32.Build.0 = Release|Win32
		{761ECC05-0770-40FC-9D0F-32913E109DFA}.Release|x64.ActiveCfg = Release|Win32
		{0D403482-77CC-405A-84FF-15E62FBFB5AF}.64bit Release|Win32.ActiveCfg = Release|Win32
		{0D403482-77CC-405A-84FF-15E62FBFB5AF}.64bit Release|Win32.Build.0 = Release|Win32
		{0D403482-77CC-405A-84FF-15E62FBFB5AF}.64bit Release|x64.ActiveCfg = Release|Win32
		{0D403482-77CC-405A-84FF-15E62FBFB5AF}.Debug|Win32.ActiveCfg = Debug|Win32
		{0D403482-77CC-405A-84FF-15E62FBFB5AF}.Debug|Win32.Build.0 = Debug|Win32
		{0D403482-77CC-405A-84FF-15E62FBFB5AF}.Debug|x64.ActiveCfg = Debug|Win32
		{0D403482-77CC-405A-84FF-15E62FBFB5AF}.Release|Win32.ActiveCfg = Release|Win32
		{0D403482-77CC-405A-84FF-15E62FBFB5AF}.Release|Win32.Build.0 = Release|Win32
		{0D403482-77CC-405A-84FF-15E62FBFB5AF}.Release|x64.ActiveCfg = Release|Win32
		{C21787C0-EBD0-4331-A92D-99DD3A26AADC}.64bit Release|Win32.ActiveCfg = Release|Win32
		{C21787C0-EBD0-4331-A92D-99DD3A26AADC}.64bit Release|Win32.Build.0 = Release|Win32
		{C21787C0-EBD0-4331-A92D-99DD3A26AADC}.64bit Release|x64.ActiveCfg = Release|Win32
		{C21787C0-EBD0-4331-A92D-99DD3A26AADC}.Debug|Win32.ActiveCfg = Debug|Win32
		{C21787C0-EBD0-4331-A92D-99DD3A26AADC}.Debug|Win32.Build.0 = Debug|Win32
		{C21787C0-EBD0-4331-A92D-99DD3A26AADC}.Debug|x64.ActiveCfg = Debug|Win32
		{C21787C0-EBD0-4331-A92D-99DD3A26AADC}.Release|Win32.ActiveCfg = Release|Win32
		{C21787C0-EBD0-4331-A92D-99DD3A26AADC}.Release|Win32.Build.0 = Release|Win32
		{C21787C0-EBD0-4331-A92D-99DD3A26AADC}.Release|x64.ActiveCfg = Release|Win32
		{5627010B-BE36-4E29-98DE-ACCD1A5E2AC7}.64bit Release|Win32.ActiveCfg = Release|Win32
		{5627010B-BE36-4E29-98DE-ACCD1A5E2AC7}.64bit Release|Win32.Build.0 = Release|Win32
		{5627010B-BE36-4E29-98DE-ACCD1A5E2AC7}.64bit Release|x64.ActiveCfg = Release|x64
		{5627010B-BE36-4E29-98DE-ACCD1A5E2AC7}.64bit Release|x64.Build.0 = Release|x64
		{5627010B-BE36-4E29-98DE-ACCD1A5E2AC7}.Debug|Win32.ActiveCfg = Debug|Win32
		{5627010B-BE36-4E29-98DE-ACCD1A5E2AC7}.Debug|Win32.Build.0 = Debug|Win32
		{5627010B-BE36-4E29-98DE-ACCD1A5E2AC7}.Debug|x64.ActiveCfg = Debug|x64
		{5627010B-BE36-4E29-98DE-ACCD1A5E2AC7}.Debug|x64.Build.0 = Debug|x64
		{5627010B-BE36-4E29-98DE-ACCD1A5E2AC7}.Release|Win32.ActiveCfg = Release|Win32
		{5627010B-BE36-4E29-98DE-ACCD1A5E2AC7}.Release|Win32.Build.0 = Release|Win32
		{5627010B-BE36-4E29-98DE-ACCD1A5E2AC7}.Release|x64.ActiveCfg = Release|x64
		{5627010B-BE36-4E29-98DE-ACCD1A5E2AC7}.Release|x64.Build.0 = Release|x64
		{8F657EA3-34CC-489D-8B89-A006E3E3F7DD}.64bit Release|Win32.ActiveCfg = Release|Win32
		{8F657EA3-34CC-489D-8B89-A006E3E3F7DD}.64bit Release|Win32.Build.0 = Release|Win32
		{8F657EA3-34CC-489D-8B89-A006E3E3F7DD}.64bit Release|x64.ActiveCfg = Release|Win32
		{8F657EA3-34CC-489D-8B89-A006E3E3F7DD}.Debug|Win32.ActiveCfg = Debug|Win32
		{8F657EA3-34CC-489D-8B89-A006E3E3F7DD}.Debug|Win32.Build.0 = Debug|Win32
		{8F657EA3-34CC-489D-8B89-A006E3E3F7DD}.Debug|x64.ActiveCfg = Debug|Win32
		{8F657EA3-34CC-489D-8B89-A006E3E3F7DD}.Release|Win32.ActiveCfg = Release|Win32
		{8F657EA3-34CC-489D-8B89-A006E3E3F7DD}.Release|Win32.Build.0 = Release|Win32
		{8F657EA3-34CC-489D-8B89-A006E3E3F7DD}.Release|x64.ActiveCfg = Release|Win32
	EndGlobalSection
	GlobalSection(SolutionProperties) = preSolution
		HideSolutionNode = FALSE
	EndGlobalSection
	GlobalSection(NestedProjects) = preSolution
		{DBDFC2E3-1045-4E45-82FD-5F2031753F6B} = {9AEA518F-81B1-47FC-BA72-7EE9F5EDE7C1}
		{BF937972-CF61-4202-B142-C398E6F0336C} = {9AEA518F-81B1-47FC-BA72-7EE9F5EDE7C1}
		{68BA8E34-17E6-4FE8-B981-7E2A1E8DEA86} = {9AEA518F-81B1-47FC-BA72-7EE9F5EDE7C1}
		{8FF00A35-42BE-4783-AFC1-053BAE47BC8E} = {9AEA518F-81B1-47FC-BA72-7EE9F5EDE7C1}
		{BD82FC63-A490-47B1-840B-597EFC1415C8} = {9AEA518F-81B1-47FC-BA72-7EE9F5EDE7C1}
		{53BC046A-3020-4BB0-91EA-9FD309BB2123} = {9AEA518F-81B1-47FC-BA72-7EE9F5EDE7C1}
		{273662D2-B105-4C8B-A603-D4ABCEA29A38} = {9AEA518F-81B1-47FC-BA72-7EE9F5EDE7C1}
		{9AEA2BA4-6B77-4C42-8F49-1B79DA51E842} = {9AEA518F-81B1-47FC-BA72-7EE9F5EDE7C1}
		{5697A499-AA83-4CB1-ACF9-D9FC6BE12F02} = {9AEA518F-81B1-47FC-BA72-7EE9F5EDE7C1}
		{CB61DA39-2959-4748-87D3-0F6037D2BC55} = {9AEA518F-81B1-47FC-BA72-7EE9F5EDE7C1}
		{87136993-6E20-42C7-932A-6463C22B1780} = {9AEA518F-81B1-47FC-BA72-7EE9F5EDE7C1}
		{9223DE7B-0B7F-43CD-825B-9137F695F121} = {9AEA518F-81B1-47FC-BA72-7EE9F5EDE7C1}
		{C65DAC9C-8C7A-45EB-BE39-12CDB6621EFC} = {9AEA518F-81B1-47FC-BA72-7EE9F5EDE7C1}
		{274DFF44-01CC-4073-9CD0-6DA24821C3A9} = {9AEA518F-81B1-47FC-BA72-7EE9F5EDE7C1}
		{93E2C256-1CCD-4399-BAE0-EDC8C171349F} = {9AEA518F-81B1-47FC-BA72-7EE9F5EDE7C1}
		{CD6F42A5-70E1-41B9-AF99-ED38E0E74E53} = {9AEA518F-81B1-47FC-BA72-7EE9F5EDE7C1}
		{ABEEDA2B-DCD9-424E-95AC-2991BD48B3D3} = {9AEA518F-81B1-47FC-BA72-7EE9F5EDE7C1}
		{D2D64950-3C08-49F0-9C2F-D2F75455420C} = {9AEA518F-81B1-47FC-BA72-7EE9F5EDE7C1}
		{39B99323-7031-4FA1-AE2A-29D8155DC966} = {9AEA518F-81B1-47FC-BA72-7EE9F5EDE7C1}
		{8D39188B-5C83-4556-B176-BDEF3E0C4D3E} = {9AEA518F-81B1-47FC-BA72-7EE9F5EDE7C1}
		{7A6C2ECC-6006-4AAD-A56C-A11E98948DAF} = {9AEA518F-81B1-47FC-BA72-7EE9F5EDE7C1}
		{761ECC05-0770-40FC-9D0F-32913E109DFA} = {9AEA518F-81B1-47FC-BA72-7EE9F5EDE7C1}
		{0D403482-77CC-405A-84FF-15E62FBFB5AF} = {9AEA518F-81B1-47FC-BA72-7EE9F5EDE7C1}
		{C21787C0-EBD0-4331-A92D-99DD3A26AADC} = {9AEA518F-81B1-47FC-BA72-7EE9F5EDE7C1}
		{5627010B-BE36-4E29-98DE-ACCD1A5E2AC7} = {9AEA518F-81B1-47FC-BA72-7EE9F5EDE7C1}
		{0BAB2C77-7D60-4586-8D6B-939452032BC5} = {72531990-6A8E-4F09-BD2E-5E482C78CB58}
		{FD5ED6D3-B349-4997-A675-3A15607DC621} = {72531990-6A8E-4F09-BD2E-5E482C78CB58}
		{7258FC71-86D1-4692-8B2F-8571C4D3E558} = {72531990-6A8E-4F09-BD2E-5E482C78CB58}
		{84C6554B-D3EB-421E-9343-EAD45A083D94} = {72531990-6A8E-4F09-BD2E-5E482C78CB58}
		{7E62A0FD-7D0C-4BE0-A87E-D9907F77F8DE} = {FDEA8BD2-9B43-477E-BE54-29A48017970F}
	EndGlobalSection
EndGlobal
