
Microsoft Visual Studio Solution File, Format Version 10.00
# Visual Studio 2008
Project("{8BC9CEB8-8B4A-11D0-8D11-00A0C91BC942}") = "Xbox360", "Xbox360.vcproj", "{D2D64950-3C08-49F0-9C2F-D2F75455420C}"
EndProject
Global
	GlobalSection(SolutionConfigurationPlatforms) = preSolution
		Debug|Win32 = Debug|Win32
		Release|Win32 = Release|Win32
	EndGlobalSection
	GlobalSection(ProjectConfigurationPlatforms) = postSolution
		{D2D64950-3C08-49F0-9C2F-D2F75455420C}.Debug|Win32.ActiveCfg = Debug|Win32
		{D2D64950-3C08-49F0-9C2F-D2F75455420C}.Debug|Win32.Build.0 = Debug|Win32
		{D2D64950-3C08-49F0-9C2F-D2F75455420C}.Release|Win32.ActiveCfg = Release|Win32
		{D2D64950-3C08-49F0-9C2F-D2F75455420C}.Release|Win32.Build.0 = Release|Win32
	EndGlobalSection
	GlobalSection(SolutionProperties) = preSolution
		HideSolutionNode = FALSE
	EndGlobalSection
EndGlobal
